
Microsoft Visual Studio Solution File, Format Version 12.00
# Visual Studio Version 17
VisualStudioVersion = 17.9.34728.123
MinimumVisualStudioVersion = 10.0.40219.1
Project("{9A19103F-16F7-4668-BE54-9A1E7A4F7556}") = "LargeArray", "LargeArray\LargeArray.csproj", "{8814708D-70CC-4B1F-9145-10DB9D9B48A6}"
EndProject
Project("{9A19103F-16F7-4668-BE54-9A1E7A4F7556}") = "ComputeFactorials", "ComputeFactorials\ComputeFactorials.csproj", "{E2D2804F-8DE9-4E85-8685-091BAF7C9625}"
EndProject
Project("{FAE04EC0-301F-11D3-BF4B-00C04F79EFBC}") = "MatrixTransposition", "MatrixTransposition\MatrixTransposition.csproj", "{98E1054D-94E6-4ABE-AEEB-86BFF2BEA5D6}"
EndProject
Project("{FAE04EC0-301F-11D3-BF4B-00C04F79EFBC}") = "CustomTimer", "CustomTimer\CustomTimer.csproj", "{F3F04D48-4658-4DB9-9672-962A3CA23432}"
EndProject
Global
	GlobalSection(SolutionConfigurationPlatforms) = preSolution
		Debug|Any CPU = Debug|Any CPU
		Release|Any CPU = Release|Any CPU
	EndGlobalSection
	GlobalSection(ProjectConfigurationPlatforms) = postSolution
		{8814708D-70CC-4B1F-9145-10DB9D9B48A6}.Debug|Any CPU.ActiveCfg = Debug|Any CPU
		{8814708D-70CC-4B1F-9145-10DB9D9B48A6}.Debug|Any CPU.Build.0 = Debug|Any CPU
		{8814708D-70CC-4B1F-9145-10DB9D9B48A6}.Release|Any CPU.ActiveCfg = Release|Any CPU
		{8814708D-70CC-4B1F-9145-10DB9D9B48A6}.Release|Any CPU.Build.0 = Release|Any CPU
		{E2D2804F-8DE9-4E85-8685-091BAF7C9625}.Debug|Any CPU.ActiveCfg = Debug|Any CPU
		{E2D2804F-8DE9-4E85-8685-091BAF7C9625}.Debug|Any CPU.Build.0 = Debug|Any CPU
		{E2D2804F-8DE9-4E85-8685-091BAF7C9625}.Release|Any CPU.ActiveCfg = Release|Any CPU
		{E2D2804F-8DE9-4E85-8685-091BAF7C9625}.Release|Any CPU.Build.0 = Release|Any CPU
		{98E1054D-94E6-4ABE-AEEB-86BFF2BEA5D6}.Debug|Any CPU.ActiveCfg = Debug|Any CPU
		{98E1054D-94E6-4ABE-AEEB-86BFF2BEA5D6}.Debug|Any CPU.Build.0 = Debug|Any CPU
		{98E1054D-94E6-4ABE-AEEB-86BFF2BEA5D6}.Release|Any CPU.ActiveCfg = Release|Any CPU
		{98E1054D-94E6-4ABE-AEEB-86BFF2BEA5D6}.Release|Any CPU.Build.0 = Release|Any CPU
		{F3F04D48-4658-4DB9-9672-962A3CA23432}.Debug|Any CPU.ActiveCfg = Debug|Any CPU
		{F3F04D48-4658-4DB9-9672-962A3CA23432}.Debug|Any CPU.Build.0 = Debug|Any CPU
		{F3F04D48-4658-4DB9-9672-962A3CA23432}.Release|Any CPU.ActiveCfg = Release|Any CPU
		{F3F04D48-4658-4DB9-9672-962A3CA23432}.Release|Any CPU.Build.0 = Release|Any CPU
	EndGlobalSection
	GlobalSection(SolutionProperties) = preSolution
		HideSolutionNode = FALSE
	EndGlobalSection
	GlobalSection(ExtensibilityGlobals) = postSolution
		SolutionGuid = {5C92FDFB-DA3E-404E-AC76-69CE997287FB}
	EndGlobalSection
EndGlobal
